// !$*UTF8*$!
{
	archiveVersion = 1;
	classes = {
	};
	objectVersion = 46;
	objects = {

/* Begin PBXBuildFile section */
		4A24DD691F23B9D700BA6FFB /* main.m in Sources */ = {isa = PBXBuildFile; fileRef = 4A24DD681F23B9D700BA6FFB /* main.m */; };
		4A24DD6C1F23B9D700BA6FFB /* AppDelegate.m in Sources */ = {isa = PBXBuildFile; fileRef = 4A24DD6B1F23B9D700BA6FFB /* AppDelegate.m */; };
		4A24DD751F23B9D700BA6FFB /* Main.storyboard in Resources */ = {isa = PBXBuildFile; fileRef = 4A24DD731F23B9D700BA6FFB /* Main.storyboard */; };
		4A24DD771F23B9D700BA6FFB /* Assets.xcassets in Resources */ = {isa = PBXBuildFile; fileRef = 4A24DD761F23B9D700BA6FFB /* Assets.xcassets */; };
		4A24DD7A1F23B9D700BA6FFB /* LaunchScreen.storyboard in Resources */ = {isa = PBXBuildFile; fileRef = 4A24DD781F23B9D700BA6FFB /* LaunchScreen.storyboard */; };
		4A7582CA1F241FB300DDE4FB /* ChooseAddressViewController.m in Sources */ = {isa = PBXBuildFile; fileRef = 4A7582C91F241FB300DDE4FB /* ChooseAddressViewController.m */; };
		4AF1FB841F24F1DD002D1CC8 /* ExploreViewController.m in Sources */ = {isa = PBXBuildFile; fileRef = 4AF1FB831F24F1DD002D1CC8 /* ExploreViewController.m */; };
		4AF1FB871F24F41F002D1CC8 /* FavoritesViewController.m in Sources */ = {isa = PBXBuildFile; fileRef = 4AF1FB861F24F41F002D1CC8 /* FavoritesViewController.m */; };
		4AF1FB8E1F250F80002D1CC8 /* RestaurantTableViewCell.m in Sources */ = {isa = PBXBuildFile; fileRef = 4AF1FB8C1F250F80002D1CC8 /* RestaurantTableViewCell.m */; };
		4AF1FB8F1F250F80002D1CC8 /* RestaurantTableViewCell.xib in Resources */ = {isa = PBXBuildFile; fileRef = 4AF1FB8D1F250F80002D1CC8 /* RestaurantTableViewCell.xib */; };
		4AF1FB921F2519DF002D1CC8 /* RestaurantPageViewController.m in Sources */ = {isa = PBXBuildFile; fileRef = 4AF1FB911F2519DF002D1CC8 /* RestaurantPageViewController.m */; };
		4AF1FB951F25437D002D1CC8 /* DataStore.m in Sources */ = {isa = PBXBuildFile; fileRef = 4AF1FB941F25437D002D1CC8 /* DataStore.m */; };
/* End PBXBuildFile section */

/* Begin PBXFileReference section */
		4A24DD641F23B9D600BA6FFB /* DoorDashLite.app */ = {isa = PBXFileReference; explicitFileType = wrapper.application; includeInIndex = 0; path = DoorDashLite.app; sourceTree = BUILT_PRODUCTS_DIR; };
		4A24DD681F23B9D700BA6FFB /* main.m */ = {isa = PBXFileReference; lastKnownFileType = sourcecode.c.objc; path = main.m; sourceTree = "<group>"; };
		4A24DD6A1F23B9D700BA6FFB /* AppDelegate.h */ = {isa = PBXFileReference; lastKnownFileType = sourcecode.c.h; path = AppDelegate.h; sourceTree = "<group>"; };
		4A24DD6B1F23B9D700BA6FFB /* AppDelegate.m */ = {isa = PBXFileReference; lastKnownFileType = sourcecode.c.objc; path = AppDelegate.m; sourceTree = "<group>"; };
		4A24DD741F23B9D700BA6FFB /* Base */ = {isa = PBXFileReference; lastKnownFileType = file.storyboard; name = Base; path = Base.lproj/Main.storyboard; sourceTree = "<group>"; };
		4A24DD761F23B9D700BA6FFB /* Assets.xcassets */ = {isa = PBXFileReference; lastKnownFileType = folder.assetcatalog; path = Assets.xcassets; sourceTree = "<group>"; };
		4A24DD791F23B9D700BA6FFB /* Base */ = {isa = PBXFileReference; lastKnownFileType = file.storyboard; name = Base; path = Base.lproj/LaunchScreen.storyboard; sourceTree = "<group>"; };
		4A24DD7B1F23B9D700BA6FFB /* Info.plist */ = {isa = PBXFileReference; lastKnownFileType = text.plist.xml; path = Info.plist; sourceTree = "<group>"; };
		4A7582C81F241FB300DDE4FB /* ChooseAddressViewController.h */ = {isa = PBXFileReference; fileEncoding = 4; lastKnownFileType = sourcecode.c.h; path = ChooseAddressViewController.h; sourceTree = "<group>"; };
		4A7582C91F241FB300DDE4FB /* ChooseAddressViewController.m */ = {isa = PBXFileReference; fileEncoding = 4; lastKnownFileType = sourcecode.c.objc; path = ChooseAddressViewController.m; sourceTree = "<group>"; };
		4AF1FB821F24F1DD002D1CC8 /* ExploreViewController.h */ = {isa = PBXFileReference; fileEncoding = 4; lastKnownFileType = sourcecode.c.h; path = ExploreViewController.h; sourceTree = "<group>"; };
		4AF1FB831F24F1DD002D1CC8 /* ExploreViewController.m */ = {isa = PBXFileReference; fileEncoding = 4; lastKnownFileType = sourcecode.c.objc; path = ExploreViewController.m; sourceTree = "<group>"; };
		4AF1FB851F24F41F002D1CC8 /* FavoritesViewController.h */ = {isa = PBXFileReference; fileEncoding = 4; lastKnownFileType = sourcecode.c.h; path = FavoritesViewController.h; sourceTree = "<group>"; };
		4AF1FB861F24F41F002D1CC8 /* FavoritesViewController.m */ = {isa = PBXFileReference; fileEncoding = 4; lastKnownFileType = sourcecode.c.objc; path = FavoritesViewController.m; sourceTree = "<group>"; };
		4AF1FB8B1F250F80002D1CC8 /* RestaurantTableViewCell.h */ = {isa = PBXFileReference; fileEncoding = 4; lastKnownFileType = sourcecode.c.h; path = RestaurantTableViewCell.h; sourceTree = "<group>"; };
		4AF1FB8C1F250F80002D1CC8 /* RestaurantTableViewCell.m */ = {isa = PBXFileReference; fileEncoding = 4; lastKnownFileType = sourcecode.c.objc; path = RestaurantTableViewCell.m; sourceTree = "<group>"; };
		4AF1FB8D1F250F80002D1CC8 /* RestaurantTableViewCell.xib */ = {isa = PBXFileReference; fileEncoding = 4; lastKnownFileType = file.xib; path = RestaurantTableViewCell.xib; sourceTree = "<group>"; };
		4AF1FB901F2519DF002D1CC8 /* RestaurantPageViewController.h */ = {isa = PBXFileReference; fileEncoding = 4; lastKnownFileType = sourcecode.c.h; path = RestaurantPageViewController.h; sourceTree = "<group>"; };
		4AF1FB911F2519DF002D1CC8 /* RestaurantPageViewController.m */ = {isa = PBXFileReference; fileEncoding = 4; lastKnownFileType = sourcecode.c.objc; path = RestaurantPageViewController.m; sourceTree = "<group>"; };
		4AF1FB931F25437D002D1CC8 /* DataStore.h */ = {isa = PBXFileReference; fileEncoding = 4; lastKnownFileType = sourcecode.c.h; path = DataStore.h; sourceTree = "<group>"; };
		4AF1FB941F25437D002D1CC8 /* DataStore.m */ = {isa = PBXFileReference; fileEncoding = 4; lastKnownFileType = sourcecode.c.objc; path = DataStore.m; sourceTree = "<group>"; };
/* End PBXFileReference section */

/* Begin PBXFrameworksBuildPhase section */
		4A24DD611F23B9D600BA6FFB /* Frameworks */ = {
			isa = PBXFrameworksBuildPhase;
			buildActionMask = 2147483647;
			files = (
			);
			runOnlyForDeploymentPostprocessing = 0;
		};
/* End PBXFrameworksBuildPhase section */

/* Begin PBXGroup section */
		4A24DD5B1F23B9D600BA6FFB = {
			isa = PBXGroup;
			children = (
				4A24DD661F23B9D600BA6FFB /* DoorDashLite */,
				4A24DD651F23B9D600BA6FFB /* Products */,
			);
			sourceTree = "<group>";
		};
		4A24DD651F23B9D600BA6FFB /* Products */ = {
			isa = PBXGroup;
			children = (
				4A24DD641F23B9D600BA6FFB /* DoorDashLite.app */,
			);
			name = Products;
			sourceTree = "<group>";
		};
		4A24DD661F23B9D600BA6FFB /* DoorDashLite */ = {
			isa = PBXGroup;
			children = (
				4A24DD6A1F23B9D700BA6FFB /* AppDelegate.h */,
				4A24DD6B1F23B9D700BA6FFB /* AppDelegate.m */,
				4A24DD731F23B9D700BA6FFB /* Main.storyboard */,
				4A24DD761F23B9D700BA6FFB /* Assets.xcassets */,
				4A24DD781F23B9D700BA6FFB /* LaunchScreen.storyboard */,
				4A24DD7B1F23B9D700BA6FFB /* Info.plist */,
				4A24DD671F23B9D600BA6FFB /* Supporting Files */,
				4A7582C81F241FB300DDE4FB /* ChooseAddressViewController.h */,
				4A7582C91F241FB300DDE4FB /* ChooseAddressViewController.m */,
				4AF1FB821F24F1DD002D1CC8 /* ExploreViewController.h */,
				4AF1FB831F24F1DD002D1CC8 /* ExploreViewController.m */,
				4AF1FB851F24F41F002D1CC8 /* FavoritesViewController.h */,
				4AF1FB861F24F41F002D1CC8 /* FavoritesViewController.m */,
				4AF1FB8B1F250F80002D1CC8 /* RestaurantTableViewCell.h */,
				4AF1FB8C1F250F80002D1CC8 /* RestaurantTableViewCell.m */,
				4AF1FB8D1F250F80002D1CC8 /* RestaurantTableViewCell.xib */,
				4AF1FB901F2519DF002D1CC8 /* RestaurantPageViewController.h */,
				4AF1FB911F2519DF002D1CC8 /* RestaurantPageViewController.m */,
				4AF1FB931F25437D002D1CC8 /* DataStore.h */,
				4AF1FB941F25437D002D1CC8 /* DataStore.m */,
			);
			path = DoorDashLite;
			sourceTree = "<group>";
		};
		4A24DD671F23B9D600BA6FFB /* Supporting Files */ = {
			isa = PBXGroup;
			children = (
				4A24DD681F23B9D700BA6FFB /* main.m */,
			);
			name = "Supporting Files";
			sourceTree = "<group>";
		};
/* End PBXGroup section */

/* Begin PBXNativeTarget section */
		4A24DD631F23B9D600BA6FFB /* DoorDashLite */ = {
			isa = PBXNativeTarget;
			buildConfigurationList = 4A24DD7E1F23B9D700BA6FFB /* Build configuration list for PBXNativeTarget "DoorDashLite" */;
			buildPhases = (
				4A24DD601F23B9D600BA6FFB /* Sources */,
				4A24DD611F23B9D600BA6FFB /* Frameworks */,
				4A24DD621F23B9D600BA6FFB /* Resources */,
			);
			buildRules = (
			);
			dependencies = (
			);
			name = DoorDashLite;
			productName = DoorDashLite;
			productReference = 4A24DD641F23B9D600BA6FFB /* DoorDashLite.app */;
			productType = "com.apple.product-type.application";
		};
/* End PBXNativeTarget section */

/* Begin PBXProject section */
		4A24DD5C1F23B9D600BA6FFB /* Project object */ = {
			isa = PBXProject;
			attributes = {
				LastUpgradeCheck = 0830;
				ORGANIZATIONNAME = "Rajat Agrawal";
				TargetAttributes = {
					4A24DD631F23B9D600BA6FFB = {
						CreatedOnToolsVersion = 8.3.3;
						DevelopmentTeam = XN63WD95N8;
						ProvisioningStyle = Automatic;
					};
				};
			};
			buildConfigurationList = 4A24DD5F1F23B9D600BA6FFB /* Build configuration list for PBXProject "DoorDashLite" */;
			compatibilityVersion = "Xcode 3.2";
			developmentRegion = English;
			hasScannedForEncodings = 0;
			knownRegions = (
				en,
				Base,
			);
			mainGroup = 4A24DD5B1F23B9D600BA6FFB;
			productRefGroup = 4A24DD651F23B9D600BA6FFB /* Products */;
			projectDirPath = "";
			projectRoot = "";
			targets = (
				4A24DD631F23B9D600BA6FFB /* DoorDashLite */,
			);
		};
/* End PBXProject section */

/* Begin PBXResourcesBuildPhase section */
		4A24DD621F23B9D600BA6FFB /* Resources */ = {
			isa = PBXResourcesBuildPhase;
			buildActionMask = 2147483647;
			files = (
				4AF1FB8F1F250F80002D1CC8 /* RestaurantTableViewCell.xib in Resources */,
				4A24DD7A1F23B9D700BA6FFB /* LaunchScreen.storyboard in Resources */,
				4A24DD771F23B9D700BA6FFB /* Assets.xcassets in Resources */,
				4A24DD751F23B9D700BA6FFB /* Main.storyboard in Resources */,
			);
			runOnlyForDeploymentPostprocessing = 0;
		};
/* End PBXResourcesBuildPhase section */

/* Begin PBXSourcesBuildPhase section */
		4A24DD601F23B9D600BA6FFB /* Sources */ = {
			isa = PBXSourcesBuildPhase;
			buildActionMask = 2147483647;
			files = (
				4A24DD6C1F23B9D700BA6FFB /* AppDelegate.m in Sources */,
				4AF1FB871F24F41F002D1CC8 /* FavoritesViewController.m in Sources */,
				4AF1FB921F2519DF002D1CC8 /* RestaurantPageViewController.m in Sources */,
				4AF1FB8E1F250F80002D1CC8 /* RestaurantTableViewCell.m in Sources */,
				4A7582CA1F241FB300DDE4FB /* ChooseAddressViewController.m in Sources */,
				4AF1FB951F25437D002D1CC8 /* DataStore.m in Sources */,
				4AF1FB841F24F1DD002D1CC8 /* ExploreViewController.m in Sources */,
				4A24DD691F23B9D700BA6FFB /* main.m in Sources */,
			);
			runOnlyForDeploymentPostprocessing = 0;
		};
/* End PBXSourcesBuildPhase section */

/* Begin PBXVariantGroup section */
		4A24DD731F23B9D700BA6FFB /* Main.storyboard */ = {
			isa = PBXVariantGroup;
			children = (
				4A24DD741F23B9D700BA6FFB /* Base */,
			);
			name = Main.storyboard;
			sourceTree = "<group>";
		};
		4A24DD781F23B9D700BA6FFB /* LaunchScreen.storyboard */ = {
			isa = PBXVariantGroup;
			children = (
				4A24DD791F23B9D700BA6FFB /* Base */,
			);
			name = LaunchScreen.storyboard;
			sourceTree = "<group>";
		};
/* End PBXVariantGroup section */

/* Begin XCBuildConfiguration section */
		4A24DD7C1F23B9D700BA6FFB /* Debug */ = {
			isa = XCBuildConfiguration;
			buildSettings = {
				ALWAYS_SEARCH_USER_PATHS = NO;
				CLANG_ANALYZER_NONNULL = YES;
				CLANG_ANALYZER_NUMBER_OBJECT_CONVERSION = YES_AGGRESSIVE;
				CLANG_CXX_LANGUAGE_STANDARD = "gnu++0x";
				CLANG_CXX_LIBRARY = "libc++";
				CLANG_ENABLE_MODULES = YES;
				CLANG_ENABLE_OBJC_ARC = YES;
				CLANG_WARN_BOOL_CONVERSION = YES;
				CLANG_WARN_CONSTANT_CONVERSION = YES;
				CLANG_WARN_DIRECT_OBJC_ISA_USAGE = YES_ERROR;
				CLANG_WARN_DOCUMENTATION_COMMENTS = YES;
				CLANG_WARN_EMPTY_BODY = YES;
				CLANG_WARN_ENUM_CONVERSION = YES;
				CLANG_WARN_INFINITE_RECURSION = YES;
				CLANG_WARN_INT_CONVERSION = YES;
				CLANG_WARN_OBJC_ROOT_CLASS = YES_ERROR;
				CLANG_WARN_SUSPICIOUS_MOVE = YES;
				CLANG_WARN_UNREACHABLE_CODE = YES;
				CLANG_WARN__DUPLICATE_METHOD_MATCH = YES;
				"CODE_SIGN_IDENTITY[sdk=iphoneos*]" = "iPhone Developer";
				COPY_PHASE_STRIP = NO;
				DEBUG_INFORMATION_FORMAT = dwarf;
				ENABLE_STRICT_OBJC_MSGSEND = YES;
				ENABLE_TESTABILITY = YES;
				GCC_C_LANGUAGE_STANDARD = gnu99;
				GCC_DYNAMIC_NO_PIC = NO;
				GCC_NO_COMMON_BLOCKS = YES;
				GCC_OPTIMIZATION_LEVEL = 0;
				GCC_PREPROCESSOR_DEFINITIONS = (
					"DEBUG=1",
					"$(inherited)",
				);
				GCC_WARN_64_TO_32_BIT_CONVERSION = YES;
				GCC_WARN_ABOUT_RETURN_TYPE = YES_ERROR;
				GCC_WARN_UNDECLARED_SELECTOR = YES;
				GCC_WARN_UNINITIALIZED_AUTOS = YES_AGGRESSIVE;
				GCC_WARN_UNUSED_FUNCTION = YES;
				GCC_WARN_UNUSED_VARIABLE = YES;
				IPHONEOS_DEPLOYMENT_TARGET = 10.3;
				MTL_ENABLE_DEBUG_INFO = YES;
				ONLY_ACTIVE_ARCH = YES;
				SDKROOT = iphoneos;
				TARGETED_DEVICE_FAMILY = "1,2";
			};
			name = Debug;
		};
		4A24DD7D1F23B9D700BA6FFB /* Release */ = {
			isa = XCBuildConfiguration;
			buildSettings = {
				ALWAYS_SEARCH_USER_PATHS = NO;
				CLANG_ANALYZER_NONNULL = YES;
				CLANG_ANALYZER_NUMBER_OBJECT_CONVERSION = YES_AGGRESSIVE;
				CLANG_CXX_LANGUAGE_STANDARD = "gnu++0x";
				CLANG_CXX_LIBRARY = "libc++";
				CLANG_ENABLE_MODULES = YES;
				CLANG_ENABLE_OBJC_ARC = YES;
				CLANG_WARN_BOOL_CONVERSION = YES;
				CLANG_WARN_CONSTANT_CONVERSION = YES;
				CLANG_WARN_DIRECT_OBJC_ISA_USAGE = YES_ERROR;
				CLANG_WARN_DOCUMENTATION_COMMENTS = YES;
				CLANG_WARN_EMPTY_BODY = YES;
				CLANG_WARN_ENUM_CONVERSION = YES;
				CLANG_WARN_INFINITE_RECURSION = YES;
				CLANG_WARN_INT_CONVERSION = YES;
				CLANG_WARN_OBJC_ROOT_CLASS = YES_ERROR;
				CLANG_WARN_SUSPICIOUS_MOVE = YES;
				CLANG_WARN_UNREACHABLE_CODE = YES;
				CLANG_WARN__DUPLICATE_METHOD_MATCH = YES;
				"CODE_SIGN_IDENTITY[sdk=iphoneos*]" = "iPhone Developer";
				COPY_PHASE_STRIP = NO;
				DEBUG_INFORMATION_FORMAT = "dwarf-with-dsym";
				ENABLE_NS_ASSERTIONS = NO;
				ENABLE_STRICT_OBJC_MSGSEND = YES;
				GCC_C_LANGUAGE_STANDARD = gnu99;
				GCC_NO_COMMON_BLOCKS = YES;
				GCC_WARN_64_TO_32_BIT_CONVERSION = YES;
				GCC_WARN_ABOUT_RETURN_TYPE = YES_ERROR;
				GCC_WARN_UNDECLARED_SELECTOR = YES;
				GCC_WARN_UNINITIALIZED_AUTOS = YES_AGGRESSIVE;
				GCC_WARN_UNUSED_FUNCTION = YES;
				GCC_WARN_UNUSED_VARIABLE = YES;
				IPHONEOS_DEPLOYMENT_TARGET = 10.3;
				MTL_ENABLE_DEBUG_INFO = NO;
				SDKROOT = iphoneos;
				TARGETED_DEVICE_FAMILY = "1,2";
				VALIDATE_PRODUCT = YES;
			};
			name = Release;
		};
		4A24DD7F1F23B9D700BA6FFB /* Debug */ = {
			isa = XCBuildConfiguration;
			buildSettings = {
				ASSETCATALOG_COMPILER_APPICON_NAME = AppIcon;
				DEVELOPMENT_TEAM = XN63WD95N8;
				INFOPLIST_FILE = DoorDashLite/Info.plist;
				LD_RUNPATH_SEARCH_PATHS = "$(inherited) @executable_path/Frameworks";
				PRODUCT_BUNDLE_IDENTIFIER = com.rajatagrawal.DoorDashLite;
				PRODUCT_NAME = "$(TARGET_NAME)";
			};
			name = Debug;
		};
		4A24DD801F23B9D700BA6FFB /* Release */ = {
			isa = XCBuildConfiguration;
			buildSettings = {
				ASSETCATALOG_COMPILER_APPICON_NAME = AppIcon;
				DEVELOPMENT_TEAM = XN63WD95N8;
				INFOPLIST_FILE = DoorDashLite/Info.plist;
				LD_RUNPATH_SEARCH_PATHS = "$(inherited) @executable_path/Frameworks";
				PRODUCT_BUNDLE_IDENTIFIER = com.rajatagrawal.DoorDashLite;
				PRODUCT_NAME = "$(TARGET_NAME)";
			};
			name = Release;
		};
/* End XCBuildConfiguration section */

/* Begin XCConfigurationList section */
		4A24DD5F1F23B9D600BA6FFB /* Build configuration list for PBXProject "DoorDashLite" */ = {
			isa = XCConfigurationList;
			buildConfigurations = (
				4A24DD7C1F23B9D700BA6FFB /* Debug */,
				4A24DD7D1F23B9D700BA6FFB /* Release */,
			);
			defaultConfigurationIsVisible = 0;
			defaultConfigurationName = Release;
		};
		4A24DD7E1F23B9D700BA6FFB /* Build configuration list for PBXNativeTarget "DoorDashLite" */ = {
			isa = XCConfigurationList;
			buildConfigurations = (
				4A24DD7F1F23B9D700BA6FFB /* Debug */,
				4A24DD801F23B9D700BA6FFB /* Release */,
			);
			defaultConfigurationIsVisible = 0;
			defaultConfigurationName = Release;
		};
/* End XCConfigurationList section */
	};
	rootObject = 4A24DD5C1F23B9D600BA6FFB /* Project object */;
}
